{
  "name": "@player",
  "lockfileVersion": 2,
  "requires": true,
  "packages": {
    "": {
      "dependencies": {
        "yt-player": "^3.4.3"
      }
    },
    "node_modules/load-script2": {
      "version": "2.0.4",
      "resolved": "https://registry.npmjs.org/load-script2/-/load-script2-2.0.4.tgz",
      "integrity": "sha512-WzZ2Df8QvWwGdjcJ7BYqcaojHGBC+Dg3oFsBg8gyz/mGyjCduBKdja+HkRo7BHoqt8sV5oil1Bc6Eyq6e40jfg=="
    },
    "node_modules/yt-player": {
      "version": "3.4.3",
      "resolved": "https://registry.npmjs.org/yt-player/-/yt-player-3.4.3.tgz",
      "integrity": "sha512-Ke5oM+qW8CR6aaK40mTxBff3hS4DXjyfmFkjg3eoaGt8fWQGyKFOFIpZqzNTR5c7Lu+xAG9SIvxCvbBPhCBbPg==",
      "dependencies": {
        "load-script2": "^2.0.1"
      }
    }
  },
  "dependencies": {
    "load-script2": {
      "version": "2.0.4",
      "resolved": "https://registry.npmjs.org/load-script2/-/load-script2-2.0.4.tgz",
      "integrity": "sha512-WzZ2Df8QvWwGdjcJ7BYqcaojHGBC+Dg3oFsBg8gyz/mGyjCduBKdja+HkRo7BHoqt8sV5oil1Bc6Eyq6e40jfg=="
    },
    "yt-player": {
      "version": "3.4.3",
      "resolved": "https://registry.npmjs.org/yt-player/-/yt-player-3.4.3.tgz",
      "integrity": "sha512-Ke5oM+qW8CR6aaK40mTxBff3hS4DXjyfmFkjg3eoaGt8fWQGyKFOFIpZqzNTR5c7Lu+xAG9SIvxCvbBPhCBbPg==",
      "requires": {
        "load-script2": "^2.0.1"
      }
    }
  }
}
